# @generated by Move, please check-in and do not edit manually.

[move]
version = 3
manifest_digest = "D41E78ECB5484053F675CFF9B0D6A82539ABBF8A2ABFD07A07819083C91B1CDD"
deps_digest = "F8BBB0CCB2491CA29A3DF03D6F92277A4F3574266507ACD77214D37ECA3F3082"
dependencies = [
  { id = "Sui", name = "Sui" },
]

[[move.package]]
id = "MoveStdlib"
source = { git = "https://github.com/MystenLabs/sui.git", rev = "framework/testnet", subdir = "crates/sui-framework/packages/move-stdlib" }

[[move.package]]
id = "Sui"
source = { git = "https://github.com/MystenLabs/sui.git", rev = "framework/testnet", subdir = "crates/sui-framework/packages/sui-framework" }

dependencies = [
  { id = "MoveStdlib", name = "MoveStdlib" },
]

[move.toolchain-version]
compiler-version = "1.39.2"
edition = "2024.beta"
flavor = "sui"

[env]

[env.testnets]
chain-id = "4c78adac"
original-published-id = "0x8e90590ed796f5c21684c21b352d39ca08499016bbaa44626f6674da2199c535"
latest-published-id = "0x8e90590ed796f5c21684c21b352d39ca08499016bbaa44626f6674da2199c535"
published-version = "1"
